
Microsoft Visual Studio Solution File, Format Version 12.00
# Visual Studio Version 17
VisualStudioVersion = 17.0.32014.148
MinimumVisualStudioVersion = 10.0.40219.1
Project("{FAE04EC0-301F-11D3-BF4B-00C04F79EFBC}") = "Exercicio_1", "Teste_logica\Exercicio_1.csproj", "{EDC80DC0-21D1-44C7-9716-DF727A1B7DD7}"
EndProject
Global
	GlobalSection(SolutionConfigurationPlatforms) = preSolution
		Debug|Any CPU = Debug|Any CPU
		Release|Any CPU = Release|Any CPU
	EndGlobalSection
	GlobalSection(ProjectConfigurationPlatforms) = postSolution
		{EDC80DC0-21D1-44C7-9716-DF727A1B7DD7}.Debug|Any CPU.ActiveCfg = Debug|Any CPU
		{EDC80DC0-21D1-44C7-9716-DF727A1B7DD7}.Debug|Any CPU.Build.0 = Debug|Any CPU
		{EDC80DC0-21D1-44C7-9716-DF727A1B7DD7}.Release|Any CPU.ActiveCfg = Release|Any CPU
		{EDC80DC0-21D1-44C7-9716-DF727A1B7DD7}.Release|Any CPU.Build.0 = Release|Any CPU
	EndGlobalSection
	GlobalSection(SolutionProperties) = preSolution
		HideSolutionNode = FALSE
	EndGlobalSection
	GlobalSection(ExtensibilityGlobals) = postSolution
		SolutionGuid = {DCD90C6C-B474-4341-8929-58BADEA23DA5}
	EndGlobalSection
EndGlobal
